
Microsoft Visual Studio Solution File, Format Version 12.00
# Visual Studio Version 17
VisualStudioVersion = 17.11.35431.28
MinimumVisualStudioVersion = 10.0.40219.1
Project("{9A19103F-16F7-4668-BE54-9A1E7A4F7556}") = "DesignPatternsPlayground", "DesignPatternsPlayground.csproj", "{D8640C49-2D10-444A-9A99-411A5081ECC8}"
EndProject
Project("{9A19103F-16F7-4668-BE54-9A1E7A4F7556}") = "DesignPatternsPlayground.Tests", "..\DesignPatternsPlayground.Tests\DesignPatternsPlayground.Tests.csproj", "{DAF9ABDE-98F9-4D91-BBA2-BE07BC5F05AA}"
EndProject
Global
	GlobalSection(SolutionConfigurationPlatforms) = preSolution
		Debug|Any CPU = Debug|Any CPU
		Release|Any CPU = Release|Any CPU
	EndGlobalSection
	GlobalSection(ProjectConfigurationPlatforms) = postSolution
		{D8640C49-2D10-444A-9A99-411A5081ECC8}.Debug|Any CPU.ActiveCfg = Debug|Any CPU
		{D8640C49-2D10-444A-9A99-411A5081ECC8}.Debug|Any CPU.Build.0 = Debug|Any CPU
		{D8640C49-2D10-444A-9A99-411A5081ECC8}.Release|Any CPU.ActiveCfg = Release|Any CPU
		{D8640C49-2D10-444A-9A99-411A5081ECC8}.Release|Any CPU.Build.0 = Release|Any CPU
		{DAF9ABDE-98F9-4D91-BBA2-BE07BC5F05AA}.Debug|Any CPU.ActiveCfg = Debug|Any CPU
		{DAF9ABDE-98F9-4D91-BBA2-BE07BC5F05AA}.Debug|Any CPU.Build.0 = Debug|Any CPU
		{DAF9ABDE-98F9-4D91-BBA2-BE07BC5F05AA}.Release|Any CPU.ActiveCfg = Release|Any CPU
		{DAF9ABDE-98F9-4D91-BBA2-BE07BC5F05AA}.Release|Any CPU.Build.0 = Release|Any CPU
	EndGlobalSection
	GlobalSection(SolutionProperties) = preSolution
		HideSolutionNode = FALSE
	EndGlobalSection
	GlobalSection(ExtensibilityGlobals) = postSolution
		SolutionGuid = {6C586066-F92E-47E7-9304-B6A36264C9A8}
	EndGlobalSection
EndGlobal
